
Microsoft Visual Studio Solution File, Format Version 12.00
# Visual Studio Version 16
VisualStudioVersion = 16.0.29411.108
MinimumVisualStudioVersion = 10.0.40219.1
Project("{FAE04EC0-301F-11D3-BF4B-00C04F79EFBC}") = "HRHUB", "HRHUB.csproj", "{0894BD70-D033-45AD-AF91-5A6E0F881281}"
EndProject
Global
	GlobalSection(SolutionConfigurationPlatforms) = preSolution
		Debug|Any CPU = Debug|Any CPU
		Release|Any CPU = Release|Any CPU
	EndGlobalSection
	GlobalSection(ProjectConfigurationPlatforms) = postSolution
		{0894BD70-D033-45AD-AF91-5A6E0F881281}.Debug|Any CPU.ActiveCfg = Debug|Any CPU
		{0894BD70-D033-45AD-AF91-5A6E0F881281}.Debug|Any CPU.Build.0 = Debug|Any CPU
		{0894BD70-D033-45AD-AF91-5A6E0F881281}.Release|Any CPU.ActiveCfg = Release|Any CPU
		{0894BD70-D033-45AD-AF91-5A6E0F881281}.Release|Any CPU.Build.0 = Release|Any CPU
	EndGlobalSection
	GlobalSection(SolutionProperties) = preSolution
		HideSolutionNode = FALSE
	EndGlobalSection
	GlobalSection(ExtensibilityGlobals) = postSolution
		SolutionGuid = {FE62CA31-2F29-43F0-AF9D-BEB22B1C12BE}
	EndGlobalSection
EndGlobal
